
Microsoft Visual Studio Solution File, Format Version 12.00
# Visual Studio 15
VisualStudioVersion = 15.0.28307.438
MinimumVisualStudioVersion = 10.0.40219.1
Project("{FAE04EC0-301F-11D3-BF4B-00C04F79EFBC}") = "Website", "Website\Website.csproj", "{C2694557-3A38-4553-A23E-728315C1D9AA}"
EndProject
Global
	GlobalSection(SolutionConfigurationPlatforms) = preSolution
		Debug|Any CPU = Debug|Any CPU
		Release|Any CPU = Release|Any CPU
	EndGlobalSection
	GlobalSection(ProjectConfigurationPlatforms) = postSolution
		{C2694557-3A38-4553-A23E-728315C1D9AA}.Debug|Any CPU.ActiveCfg = Debug|Any CPU
		{C2694557-3A38-4553-A23E-728315C1D9AA}.Debug|Any CPU.Build.0 = Debug|Any CPU
		{C2694557-3A38-4553-A23E-728315C1D9AA}.Release|Any CPU.ActiveCfg = Release|Any CPU
		{C2694557-3A38-4553-A23E-728315C1D9AA}.Release|Any CPU.Build.0 = Release|Any CPU
	EndGlobalSection
	GlobalSection(SolutionProperties) = preSolution
		HideSolutionNode = FALSE
	EndGlobalSection
	GlobalSection(ExtensibilityGlobals) = postSolution
		SolutionGuid = {2C59F394-9655-44F9-8D8C-EC1F9FBD4814}
	EndGlobalSection
EndGlobal
